
Microsoft Visual Studio Solution File, Format Version 12.00
# Visual Studio Version 17
VisualStudioVersion = 17.3.32929.385
MinimumVisualStudioVersion = 10.0.40219.1
Project("{FAE04EC0-301F-11D3-BF4B-00C04F79EFBC}") = "ekle-sil-guncelle", "ekle-sil-guncelle\ekle-sil-guncelle.csproj", "{29D62895-9F29-498F-BB81-32EA2582CEA1}"
EndProject
Global
	GlobalSection(SolutionConfigurationPlatforms) = preSolution
		Debug|Any CPU = Debug|Any CPU
		Release|Any CPU = Release|Any CPU
	EndGlobalSection
	GlobalSection(ProjectConfigurationPlatforms) = postSolution
		{29D62895-9F29-498F-BB81-32EA2582CEA1}.Debug|Any CPU.ActiveCfg = Debug|Any CPU
		{29D62895-9F29-498F-BB81-32EA2582CEA1}.Debug|Any CPU.Build.0 = Debug|Any CPU
		{29D62895-9F29-498F-BB81-32EA2582CEA1}.Release|Any CPU.ActiveCfg = Release|Any CPU
		{29D62895-9F29-498F-BB81-32EA2582CEA1}.Release|Any CPU.Build.0 = Release|Any CPU
	EndGlobalSection
	GlobalSection(SolutionProperties) = preSolution
		HideSolutionNode = FALSE
	EndGlobalSection
	GlobalSection(ExtensibilityGlobals) = postSolution
		SolutionGuid = {B66A67CA-C3F1-4255-88C6-47C0F5978370}
	EndGlobalSection
EndGlobal
